
Microsoft Visual Studio Solution File, Format Version 12.00
# Visual Studio Version 16
VisualStudioVersion = 16.0.29230.47
MinimumVisualStudioVersion = 10.0.40219.1
Project("{FAE04EC0-301F-11D3-BF4B-00C04F79EFBC}") = "WindowsFormsApp1", "WindowsFormsApp1\WindowsFormsApp1.csproj", "{4A0BAEDA-FFD5-40C2-9268-F44280B78717}"
EndProject
Global
	GlobalSection(SolutionConfigurationPlatforms) = preSolution
		Debug|Any CPU = Debug|Any CPU
		Release|Any CPU = Release|Any CPU
	EndGlobalSection
	GlobalSection(ProjectConfigurationPlatforms) = postSolution
		{4A0BAEDA-FFD5-40C2-9268-F44280B78717}.Debug|Any CPU.ActiveCfg = Debug|Any CPU
		{4A0BAEDA-FFD5-40C2-9268-F44280B78717}.Debug|Any CPU.Build.0 = Debug|Any CPU
		{4A0BAEDA-FFD5-40C2-9268-F44280B78717}.Release|Any CPU.ActiveCfg = Release|Any CPU
		{4A0BAEDA-FFD5-40C2-9268-F44280B78717}.Release|Any CPU.Build.0 = Release|Any CPU
	EndGlobalSection
	GlobalSection(SolutionProperties) = preSolution
		HideSolutionNode = FALSE
	EndGlobalSection
	GlobalSection(ExtensibilityGlobals) = postSolution
		SolutionGuid = {B620F2D5-93D8-41E5-AF92-948D33F4D941}
	EndGlobalSection
EndGlobal
